
Microsoft Visual Studio Solution File, Format Version 12.00
# Visual Studio Version 17
Project("{FAE04EC0-301F-11D3-BF4B-00C04F79EFBC}") = "BndzFinder.Core", "src\BndzFinder.Core\BndzFinder.Core.csproj", "{A1000001-0001-0001-0001-000000000001}"
EndProject
Project("{FAE04EC0-301F-11D3-BF4B-00C04F79EFBC}") = "BndzFinder.Interop", "src\BndzFinder.Interop\BndzFinder.Interop.csproj", "{A1000002-0002-0002-0002-000000000002}"
EndProject
Project("{FAE04EC0-301F-11D3-BF4B-00C04F79EFBC}") = "BndzFinder.Shell", "src\BndzFinder.Shell\BndzFinder.Shell.csproj", "{A1000003-0003-0003-0003-000000000003}"
EndProject
Project("{FAE04EC0-301F-11D3-BF4B-00C04F79EFBC}") = "BndzFinder.Animations", "src\BndzFinder.Animations\BndzFinder.Animations.csproj", "{A1000004-0004-0004-0004-000000000004}"
EndProject
Project("{FAE04EC0-301F-11D3-BF4B-00C04F79EFBC}") = "BndzFinder.Theming", "src\BndzFinder.Theming\BndzFinder.Theming.csproj", "{A1000005-0005-0005-0005-000000000005}"
EndProject
Project("{FAE04EC0-301F-11D3-BF4B-00C04F79EFBC}") = "BndzFinder.App", "src\BndzFinder.App\BndzFinder.App.csproj", "{A1000006-0006-0006-0006-000000000006}"
EndProject
Project("{FAE04EC0-301F-11D3-BF4B-00C04F79EFBC}") = "BndzFinder.Dock", "src\BndzFinder.Dock\BndzFinder.Dock.csproj", "{A1000007-0007-0007-0007-000000000007}"
EndProject
Project("{FAE04EC0-301F-11D3-BF4B-00C04F79EFBC}") = "BndzFinder.Finder", "src\BndzFinder.Finder\BndzFinder.Finder.csproj", "{A1000008-0008-0008-0008-000000000008}"
EndProject
Project("{FAE04EC0-301F-11D3-BF4B-00C04F79EFBC}") = "BndzFinder.Launchpad", "src\BndzFinder.Launchpad\BndzFinder.Launchpad.csproj", "{A1000009-0009-0009-0009-000000000009}"
EndProject
Project("{FAE04EC0-301F-11D3-BF4B-00C04F79EFBC}") = "BndzFinder.StageManager", "src\BndzFinder.StageManager\BndzFinder.StageManager.csproj", "{A100000A-000A-000A-000A-00000000000A}"
EndProject
Project("{FAE04EC0-301F-11D3-BF4B-00C04F79EFBC}") = "BndzFinder.Preferences", "src\BndzFinder.Preferences\BndzFinder.Preferences.csproj", "{A100000B-000B-000B-000B-00000000000B}"
EndProject
Project("{FAE04EC0-301F-11D3-BF4B-00C04F79EFBC}") = "BndzFinder.ShellHost", "src\BndzFinder.ShellHost\BndzFinder.ShellHost.csproj", "{A100000C-000C-000C-000C-00000000000C}"
EndProject
Project("{FAE04EC0-301F-11D3-BF4B-00C04F79EFBC}") = "BndzFinder.Core.Tests", "tests\BndzFinder.Core.Tests\BndzFinder.Core.Tests.csproj", "{B1000001-0001-0001-0001-000000000001}"
EndProject
Project("{FAE04EC0-301F-11D3-BF4B-00C04F79EFBC}") = "BndzFinder.Shell.Tests", "tests\BndzFinder.Shell.Tests\BndzFinder.Shell.Tests.csproj", "{B1000002-0002-0002-0002-000000000002}"
EndProject
Global
	GlobalSection(SolutionConfigurationPlatforms) = preSolution
		Debug|Any CPU = Debug|Any CPU
		Release|Any CPU = Release|Any CPU
	EndGlobalSection
	GlobalSection(ProjectConfigurationPlatforms) = postSolution
		{A1000001-0001-0001-0001-000000000001}.Debug|Any CPU.ActiveCfg = Debug|Any CPU
		{A1000001-0001-0001-0001-000000000001}.Debug|Any CPU.Build.0 = Debug|Any CPU
		{A1000001-0001-0001-0001-000000000001}.Release|Any CPU.ActiveCfg = Release|Any CPU
		{A1000001-0001-0001-0001-000000000001}.Release|Any CPU.Build.0 = Release|Any CPU
		{A1000002-0002-0002-0002-000000000002}.Debug|Any CPU.ActiveCfg = Debug|Any CPU
		{A1000002-0002-0002-0002-000000000002}.Debug|Any CPU.Build.0 = Debug|Any CPU
		{A1000002-0002-0002-0002-000000000002}.Release|Any CPU.ActiveCfg = Release|Any CPU
		{A1000002-0002-0002-0002-000000000002}.Release|Any CPU.Build.0 = Release|Any CPU
		{A1000003-0003-0003-0003-000000000003}.Debug|Any CPU.ActiveCfg = Debug|Any CPU
		{A1000003-0003-0003-0003-000000000003}.Debug|Any CPU.Build.0 = Debug|Any CPU
		{A1000003-0003-0003-0003-000000000003}.Release|Any CPU.ActiveCfg = Release|Any CPU
		{A1000003-0003-0003-0003-000000000003}.Release|Any CPU.Build.0 = Release|Any CPU
		{A1000004-0004-0004-0004-000000000004}.Debug|Any CPU.ActiveCfg = Debug|Any CPU
		{A1000004-0004-0004-0004-000000000004}.Debug|Any CPU.Build.0 = Debug|Any CPU
		{A1000004-0004-0004-0004-000000000004}.Release|Any CPU.ActiveCfg = Release|Any CPU
		{A1000004-0004-0004-0004-000000000004}.Release|Any CPU.Build.0 = Release|Any CPU
		{A1000005-0005-0005-0005-000000000005}.Debug|Any CPU.ActiveCfg = Debug|Any CPU
		{A1000005-0005-0005-0005-000000000005}.Debug|Any CPU.Build.0 = Debug|Any CPU
		{A1000005-0005-0005-0005-000000000005}.Release|Any CPU.ActiveCfg = Release|Any CPU
		{A1000005-0005-0005-0005-000000000005}.Release|Any CPU.Build.0 = Release|Any CPU
		{A1000006-0006-0006-0006-000000000006}.Debug|Any CPU.ActiveCfg = Debug|Any CPU
		{A1000006-0006-0006-0006-000000000006}.Debug|Any CPU.Build.0 = Debug|Any CPU
		{A1000006-0006-0006-0006-000000000006}.Release|Any CPU.ActiveCfg = Release|Any CPU
		{A1000006-0006-0006-0006-000000000006}.Release|Any CPU.Build.0 = Release|Any CPU
		{A1000007-0007-0007-0007-000000000007}.Debug|Any CPU.ActiveCfg = Debug|Any CPU
		{A1000007-0007-0007-0007-000000000007}.Debug|Any CPU.Build.0 = Debug|Any CPU
		{A1000007-0007-0007-0007-000000000007}.Release|Any CPU.ActiveCfg = Release|Any CPU
		{A1000007-0007-0007-0007-000000000007}.Release|Any CPU.Build.0 = Release|Any CPU
		{A1000008-0008-0008-0008-000000000008}.Debug|Any CPU.ActiveCfg = Debug|Any CPU
		{A1000008-0008-0008-0008-000000000008}.Debug|Any CPU.Build.0 = Debug|Any CPU
		{A1000008-0008-0008-0008-000000000008}.Release|Any CPU.ActiveCfg = Release|Any CPU
		{A1000008-0008-0008-0008-000000000008}.Release|Any CPU.Build.0 = Release|Any CPU
		{A1000009-0009-0009-0009-000000000009}.Debug|Any CPU.ActiveCfg = Debug|Any CPU
		{A1000009-0009-0009-0009-000000000009}.Debug|Any CPU.Build.0 = Debug|Any CPU
		{A1000009-0009-0009-0009-000000000009}.Release|Any CPU.ActiveCfg = Release|Any CPU
		{A1000009-0009-0009-0009-000000000009}.Release|Any CPU.Build.0 = Release|Any CPU
		{A100000A-000A-000A-000A-00000000000A}.Debug|Any CPU.ActiveCfg = Debug|Any CPU
		{A100000A-000A-000A-000A-00000000000A}.Debug|Any CPU.Build.0 = Debug|Any CPU
		{A100000A-000A-000A-000A-00000000000A}.Release|Any CPU.ActiveCfg = Release|Any CPU
		{A100000A-000A-000A-000A-00000000000A}.Release|Any CPU.Build.0 = Release|Any CPU
		{A100000B-000B-000B-000B-00000000000B}.Debug|Any CPU.ActiveCfg = Debug|Any CPU
		{A100000B-000B-000B-000B-00000000000B}.Debug|Any CPU.Build.0 = Debug|Any CPU
		{A100000B-000B-000B-000B-00000000000B}.Release|Any CPU.ActiveCfg = Release|Any CPU
		{A100000B-000B-000B-000B-00000000000B}.Release|Any CPU.Build.0 = Release|Any CPU
		{A100000C-000C-000C-000C-00000000000C}.Debug|Any CPU.ActiveCfg = Debug|Any CPU
		{A100000C-000C-000C-000C-00000000000C}.Debug|Any CPU.Build.0 = Debug|Any CPU
		{A100000C-000C-000C-000C-00000000000C}.Release|Any CPU.ActiveCfg = Release|Any CPU
		{A100000C-000C-000C-000C-00000000000C}.Release|Any CPU.Build.0 = Release|Any CPU
		{B1000001-0001-0001-0001-000000000001}.Debug|Any CPU.ActiveCfg = Debug|Any CPU
		{B1000001-0001-0001-0001-000000000001}.Debug|Any CPU.Build.0 = Debug|Any CPU
		{B1000001-0001-0001-0001-000000000001}.Release|Any CPU.ActiveCfg = Release|Any CPU
		{B1000001-0001-0001-0001-000000000001}.Release|Any CPU.Build.0 = Release|Any CPU
		{B1000002-0002-0002-0002-000000000002}.Debug|Any CPU.ActiveCfg = Debug|Any CPU
		{B1000002-0002-0002-0002-000000000002}.Debug|Any CPU.Build.0 = Debug|Any CPU
		{B1000002-0002-0002-0002-000000000002}.Release|Any CPU.ActiveCfg = Release|Any CPU
		{B1000002-0002-0002-0002-000000000002}.Release|Any CPU.Build.0 = Release|Any CPU
	EndGlobalSection
EndGlobal
